
Microsoft Visual Studio Solution File, Format Version 12.00
# Visual Studio Version 17
VisualStudioVersion = 17.7.34202.233
MinimumVisualStudioVersion = 10.0.40219.1
Project("{9A19103F-16F7-4668-BE54-9A1E7A4F7556}") = "Week_5", "Week_5\Week_5.csproj", "{9F9DD542-8CA9-4897-82D5-74A700309920}"
EndProject
Project("{2150E333-8FDC-42A3-9474-1A3956D46DE8}") = "Lecture_5", "Lecture_5", "{1DDC82A3-485E-47C3-8A61-38F6084F4D77}"
EndProject
Project("{2150E333-8FDC-42A3-9474-1A3956D46DE8}") = "Core", "Core", "{E5304F31-704F-44EC-AC03-3544C7859836}"
EndProject
Project("{2150E333-8FDC-42A3-9474-1A3956D46DE8}") = "Infrastructure", "Infrastructure", "{71467D71-90C3-4505-BD91-6273BA9347B0}"
EndProject
Project("{2150E333-8FDC-42A3-9474-1A3956D46DE8}") = "Presentation", "Presentation", "{EC65ED11-D307-400E-990B-F8895F1EAFEC}"
EndProject
Project("{9A19103F-16F7-4668-BE54-9A1E7A4F7556}") = "Productify.MVC", "Presentation\Productify.MVC\Productify.MVC.csproj", "{3F6D36D1-5D0D-4242-A032-4BDD74D8B937}"
EndProject
Project("{9A19103F-16F7-4668-BE54-9A1E7A4F7556}") = "Productify.Domain", "Core\Productify.Domain\Productify.Domain.csproj", "{8ADEFF4E-BA8C-4A4F-8F8D-1676262549FA}"
EndProject
Project("{9A19103F-16F7-4668-BE54-9A1E7A4F7556}") = "Productify.Persistence", "Infrastructure\Productify.Persistence\Productify.Persistence.csproj", "{F62D9B7E-6D3F-4800-91EA-A88536CB9388}"
EndProject
Project("{9A19103F-16F7-4668-BE54-9A1E7A4F7556}") = "YetGenAkbankJump.MVCClient", "YetGenAkbankJump\YetGenAkbankJump.MVCClient.csproj", "{49CFF058-8166-4FA8-9601-B30473D9219A}"
EndProject
Project("{2150E333-8FDC-42A3-9474-1A3956D46DE8}") = "Lecture_7", "Lecture_7", "{633E5EF5-2898-4CE5-BB0F-21CC8D9E47F8}"
EndProject
Project("{2150E333-8FDC-42A3-9474-1A3956D46DE8}") = "Core", "Core", "{01F95670-2EC0-46B8-B4DD-E718ED0D25F0}"
EndProject
Project("{2150E333-8FDC-42A3-9474-1A3956D46DE8}") = "Infrastructure", "Infrastructure", "{64670D8D-A2D0-48EF-88AC-9BB7F88D2F69}"
EndProject
Project("{2150E333-8FDC-42A3-9474-1A3956D46DE8}") = "Presentation", "Presentation", "{86E685F7-E817-40C0-B574-59659D39754B}"
EndProject
Project("{9A19103F-16F7-4668-BE54-9A1E7A4F7556}") = "Week_7_1.Domain", "Lecture_7\Core\Week_7_1.Domain\Week_7_1.Domain.csproj", "{46AF19F7-944F-4315-A8B8-64FA08743FCE}"
EndProject
Project("{2150E333-8FDC-42A3-9474-1A3956D46DE8}") = "Week_11_1", "Week_11_1", "{D81D94CF-8A42-470F-8152-43A234B40A2A}"
EndProject
Project("{2150E333-8FDC-42A3-9474-1A3956D46DE8}") = "Core", "Core", "{FBD981BD-C37E-418F-A283-EBF55F49EB36}"
EndProject
Project("{2150E333-8FDC-42A3-9474-1A3956D46DE8}") = "Infrastructure", "Infrastructure", "{BDFADC4F-C2E1-4108-8A7A-A578ADBC3BDD}"
EndProject
Project("{2150E333-8FDC-42A3-9474-1A3956D46DE8}") = "Presentation", "Presentation", "{9FF70D2A-BA12-4B0D-8524-EE0724FFDF56}"
EndProject
Project("{9A19103F-16F7-4668-BE54-9A1E7A4F7556}") = "Week_11_1.Domain", "Week_11_1\Core\Week_11_1.Domain\Week_11_1.Domain.csproj", "{4FBA2E6B-4FBA-422D-8CD2-E12EC362851B}"
EndProject
Project("{9A19103F-16F7-4668-BE54-9A1E7A4F7556}") = "Week_11_1.Persistance", "Week_11_1\Infrastructure\Week_11_1.Persistance\Week_11_1.Persistance.csproj", "{ADE0A2B8-C98E-43D6-A362-CF061C28757B}"
EndProject
Project("{9A19103F-16F7-4668-BE54-9A1E7A4F7556}") = "Week_11_1.API", "wEEK_11_1\Presentation\Week_11_1.API\Week_11_1.API.csproj", "{4EDA4319-D136-4C04-9C99-67DAA9A39183}"
EndProject
Project("{FAE04EC0-301F-11D3-BF4B-00C04F79EFBC}") = "Week_11_2.Domain", "Week_11_2.Domain\Week_11_2.Domain.csproj", "{3967EB41-22F1-4FF8-98E9-CF3AA1B4EF89}"
EndProject
Project("{FAE04EC0-301F-11D3-BF4B-00C04F79EFBC}") = "Week_11_2.IdentityMVC", "Week_11_2.IdentityMVC\Week_11_2.IdentityMVC.csproj", "{FA94BB7C-812C-4B57-A714-B9CD523A79A9}"
EndProject
Global
	GlobalSection(SolutionConfigurationPlatforms) = preSolution
		Debug|Any CPU = Debug|Any CPU
		Release|Any CPU = Release|Any CPU
	EndGlobalSection
	GlobalSection(ProjectConfigurationPlatforms) = postSolution
		{9F9DD542-8CA9-4897-82D5-74A700309920}.Debug|Any CPU.ActiveCfg = Debug|Any CPU
		{9F9DD542-8CA9-4897-82D5-74A700309920}.Debug|Any CPU.Build.0 = Debug|Any CPU
		{9F9DD542-8CA9-4897-82D5-74A700309920}.Release|Any CPU.ActiveCfg = Release|Any CPU
		{9F9DD542-8CA9-4897-82D5-74A700309920}.Release|Any CPU.Build.0 = Release|Any CPU
		{3F6D36D1-5D0D-4242-A032-4BDD74D8B937}.Debug|Any CPU.ActiveCfg = Debug|Any CPU
		{3F6D36D1-5D0D-4242-A032-4BDD74D8B937}.Debug|Any CPU.Build.0 = Debug|Any CPU
		{3F6D36D1-5D0D-4242-A032-4BDD74D8B937}.Release|Any CPU.ActiveCfg = Release|Any CPU
		{3F6D36D1-5D0D-4242-A032-4BDD74D8B937}.Release|Any CPU.Build.0 = Release|Any CPU
		{8ADEFF4E-BA8C-4A4F-8F8D-1676262549FA}.Debug|Any CPU.ActiveCfg = Debug|Any CPU
		{8ADEFF4E-BA8C-4A4F-8F8D-1676262549FA}.Debug|Any CPU.Build.0 = Debug|Any CPU
		{8ADEFF4E-BA8C-4A4F-8F8D-1676262549FA}.Release|Any CPU.ActiveCfg = Release|Any CPU
		{8ADEFF4E-BA8C-4A4F-8F8D-1676262549FA}.Release|Any CPU.Build.0 = Release|Any CPU
		{F62D9B7E-6D3F-4800-91EA-A88536CB9388}.Debug|Any CPU.ActiveCfg = Debug|Any CPU
		{F62D9B7E-6D3F-4800-91EA-A88536CB9388}.Debug|Any CPU.Build.0 = Debug|Any CPU
		{F62D9B7E-6D3F-4800-91EA-A88536CB9388}.Release|Any CPU.ActiveCfg = Release|Any CPU
		{F62D9B7E-6D3F-4800-91EA-A88536CB9388}.Release|Any CPU.Build.0 = Release|Any CPU
		{49CFF058-8166-4FA8-9601-B30473D9219A}.Debug|Any CPU.ActiveCfg = Debug|Any CPU
		{49CFF058-8166-4FA8-9601-B30473D9219A}.Debug|Any CPU.Build.0 = Debug|Any CPU
		{49CFF058-8166-4FA8-9601-B30473D9219A}.Release|Any CPU.ActiveCfg = Release|Any CPU
		{49CFF058-8166-4FA8-9601-B30473D9219A}.Release|Any CPU.Build.0 = Release|Any CPU
		{46AF19F7-944F-4315-A8B8-64FA08743FCE}.Debug|Any CPU.ActiveCfg = Debug|Any CPU
		{46AF19F7-944F-4315-A8B8-64FA08743FCE}.Debug|Any CPU.Build.0 = Debug|Any CPU
		{46AF19F7-944F-4315-A8B8-64FA08743FCE}.Release|Any CPU.ActiveCfg = Release|Any CPU
		{46AF19F7-944F-4315-A8B8-64FA08743FCE}.Release|Any CPU.Build.0 = Release|Any CPU
		{4FBA2E6B-4FBA-422D-8CD2-E12EC362851B}.Debug|Any CPU.ActiveCfg = Debug|Any CPU
		{4FBA2E6B-4FBA-422D-8CD2-E12EC362851B}.Debug|Any CPU.Build.0 = Debug|Any CPU
		{4FBA2E6B-4FBA-422D-8CD2-E12EC362851B}.Release|Any CPU.ActiveCfg = Release|Any CPU
		{4FBA2E6B-4FBA-422D-8CD2-E12EC362851B}.Release|Any CPU.Build.0 = Release|Any CPU
		{ADE0A2B8-C98E-43D6-A362-CF061C28757B}.Debug|Any CPU.ActiveCfg = Debug|Any CPU
		{ADE0A2B8-C98E-43D6-A362-CF061C28757B}.Debug|Any CPU.Build.0 = Debug|Any CPU
		{ADE0A2B8-C98E-43D6-A362-CF061C28757B}.Release|Any CPU.ActiveCfg = Release|Any CPU
		{ADE0A2B8-C98E-43D6-A362-CF061C28757B}.Release|Any CPU.Build.0 = Release|Any CPU
		{4EDA4319-D136-4C04-9C99-67DAA9A39183}.Debug|Any CPU.ActiveCfg = Debug|Any CPU
		{4EDA4319-D136-4C04-9C99-67DAA9A39183}.Debug|Any CPU.Build.0 = Debug|Any CPU
		{4EDA4319-D136-4C04-9C99-67DAA9A39183}.Release|Any CPU.ActiveCfg = Release|Any CPU
		{4EDA4319-D136-4C04-9C99-67DAA9A39183}.Release|Any CPU.Build.0 = Release|Any CPU
		{3967EB41-22F1-4FF8-98E9-CF3AA1B4EF89}.Debug|Any CPU.ActiveCfg = Debug|Any CPU
		{3967EB41-22F1-4FF8-98E9-CF3AA1B4EF89}.Debug|Any CPU.Build.0 = Debug|Any CPU
		{3967EB41-22F1-4FF8-98E9-CF3AA1B4EF89}.Release|Any CPU.ActiveCfg = Release|Any CPU
		{3967EB41-22F1-4FF8-98E9-CF3AA1B4EF89}.Release|Any CPU.Build.0 = Release|Any CPU
		{FA94BB7C-812C-4B57-A714-B9CD523A79A9}.Debug|Any CPU.ActiveCfg = Debug|Any CPU
		{FA94BB7C-812C-4B57-A714-B9CD523A79A9}.Debug|Any CPU.Build.0 = Debug|Any CPU
		{FA94BB7C-812C-4B57-A714-B9CD523A79A9}.Release|Any CPU.ActiveCfg = Release|Any CPU
		{FA94BB7C-812C-4B57-A714-B9CD523A79A9}.Release|Any CPU.Build.0 = Release|Any CPU
	EndGlobalSection
	GlobalSection(SolutionProperties) = preSolution
		HideSolutionNode = FALSE
	EndGlobalSection
	GlobalSection(NestedProjects) = preSolution
		{E5304F31-704F-44EC-AC03-3544C7859836} = {1DDC82A3-485E-47C3-8A61-38F6084F4D77}
		{71467D71-90C3-4505-BD91-6273BA9347B0} = {1DDC82A3-485E-47C3-8A61-38F6084F4D77}
		{EC65ED11-D307-400E-990B-F8895F1EAFEC} = {1DDC82A3-485E-47C3-8A61-38F6084F4D77}
		{3F6D36D1-5D0D-4242-A032-4BDD74D8B937} = {EC65ED11-D307-400E-990B-F8895F1EAFEC}
		{8ADEFF4E-BA8C-4A4F-8F8D-1676262549FA} = {E5304F31-704F-44EC-AC03-3544C7859836}
		{F62D9B7E-6D3F-4800-91EA-A88536CB9388} = {71467D71-90C3-4505-BD91-6273BA9347B0}
		{01F95670-2EC0-46B8-B4DD-E718ED0D25F0} = {633E5EF5-2898-4CE5-BB0F-21CC8D9E47F8}
		{64670D8D-A2D0-48EF-88AC-9BB7F88D2F69} = {633E5EF5-2898-4CE5-BB0F-21CC8D9E47F8}
		{86E685F7-E817-40C0-B574-59659D39754B} = {633E5EF5-2898-4CE5-BB0F-21CC8D9E47F8}
		{46AF19F7-944F-4315-A8B8-64FA08743FCE} = {01F95670-2EC0-46B8-B4DD-E718ED0D25F0}
		{FBD981BD-C37E-418F-A283-EBF55F49EB36} = {D81D94CF-8A42-470F-8152-43A234B40A2A}
		{BDFADC4F-C2E1-4108-8A7A-A578ADBC3BDD} = {D81D94CF-8A42-470F-8152-43A234B40A2A}
		{9FF70D2A-BA12-4B0D-8524-EE0724FFDF56} = {D81D94CF-8A42-470F-8152-43A234B40A2A}
		{4FBA2E6B-4FBA-422D-8CD2-E12EC362851B} = {FBD981BD-C37E-418F-A283-EBF55F49EB36}
		{ADE0A2B8-C98E-43D6-A362-CF061C28757B} = {BDFADC4F-C2E1-4108-8A7A-A578ADBC3BDD}
		{4EDA4319-D136-4C04-9C99-67DAA9A39183} = {9FF70D2A-BA12-4B0D-8524-EE0724FFDF56}
	EndGlobalSection
	GlobalSection(ExtensibilityGlobals) = postSolution
		SolutionGuid = {27072FDA-1994-4BAE-95F5-CC643ADA1157}
	EndGlobalSection
EndGlobal
